
Microsoft Visual Studio Solution File, Format Version 12.00
# Visual Studio Version 16
VisualStudioVersion = 16.0.30804.86
MinimumVisualStudioVersion = 10.0.40219.1
Project("{FAE04EC0-301F-11D3-BF4B-00C04F79EFBC}") = "SetExtentToWA", "SetExtentToWA.csproj", "{F359BB66-3DDE-4659-ABAF-CDDDEBBD1DE2}"
EndProject
Global
	GlobalSection(SolutionConfigurationPlatforms) = preSolution
		Debug|x64 = Debug|x64
		Release|x64 = Release|x64
	EndGlobalSection
	GlobalSection(ProjectConfigurationPlatforms) = postSolution
		{F359BB66-3DDE-4659-ABAF-CDDDEBBD1DE2}.Debug|x64.ActiveCfg = Debug|x64
		{F359BB66-3DDE-4659-ABAF-CDDDEBBD1DE2}.Debug|x64.Build.0 = Debug|x64
		{F359BB66-3DDE-4659-ABAF-CDDDEBBD1DE2}.Release|x64.ActiveCfg = Release|x64
		{F359BB66-3DDE-4659-ABAF-CDDDEBBD1DE2}.Release|x64.Build.0 = Release|x64
	EndGlobalSection
	GlobalSection(SolutionProperties) = preSolution
		HideSolutionNode = FALSE
	EndGlobalSection
	GlobalSection(ExtensibilityGlobals) = postSolution
		SolutionGuid = {E3BBAD19-B5DE-4E33-81AB-833689C2943D}
	EndGlobalSection
EndGlobal
